{
  "lockfile_version": "1",
  "packages": {
    "curl": {
      "resolved": "github:NixOS/nixpkgs/cb82756ecc37fa623f8cf3e88854f9bf7f64af93?narHash=sha256-0JDOal5P7xzzAibvD0yTE3ptyvoVOAL0rcELmDdtSKg%3D#curl",
      "source": "nixpkg",
      "systems": {
        "x86_64-linux": {
          "outputs": [
            {
              "name": "bin",
              "path": "/nix/store/jxi6bwbmxyzhxi9zm9dzlihca6iv358r-curl-8.16.0-bin",
              "default": true
            },
            {
              "name": "man",
              "path": "/nix/store/0ba8dwwbddc1b7h7yrlnni6l0spdrxkh-curl-8.16.0-man",
              "default": true
            }
          ]
        }
      }
    },
    "fd": {
      "resolved": "github:NixOS/nixpkgs/cb82756ecc37fa623f8cf3e88854f9bf7f64af93?narHash=sha256-0JDOal5P7xzzAibvD0yTE3ptyvoVOAL0rcELmDdtSKg%3D#fd",
      "source": "nixpkg",
      "systems": {
        "x86_64-linux": {
          "outputs": [
            {
              "path": "/nix/store/j5yhlkpv72f8y5jwm0qyd86vkagnnnxg-fd-10.3.0",
              "default": true
            }
          ]
        }
      }
    },
    "ffmpeg": {
      "resolved": "github:NixOS/nixpkgs/cb82756ecc37fa623f8cf3e88854f9bf7f64af93?narHash=sha256-0JDOal5P7xzzAibvD0yTE3ptyvoVOAL0rcELmDdtSKg%3D#ffmpeg",
      "source": "nixpkg",
      "systems": {
        "x86_64-linux": {
          "outputs": [
            {
              "name": "bin",
              "path": "/nix/store/gv6hzafnw9var1jnzyn398v710wfybw2-ffmpeg-7.1.1-bin",
              "default": true
            },
            {
              "name": "man",
              "path": "/nix/store/v0ln333dkpxfk4irbzanxlwn9jg319v4-ffmpeg-7.1.1-man",
              "default": true
            }
          ]
        }
      }
    },
    "git@latest": {
      "last_modified": "2025-11-15T07:28:48Z",
      "resolved": "github:NixOS/nixpkgs/1d4c88323ac36805d09657d13a5273aea1b34f0c#git",
      "source": "devbox-search",
      "version": "2.51.2",
      "systems": {
        "aarch64-darwin": {
          "outputs": [
            {
              "name": "out",
              "path": "/nix/store/k2vlwnvjcmnig77p65zipibvvim8rxq7-git-2.51.2",
              "default": true
            },
            {
              "name": "doc",
              "path": "/nix/store/6x44hx2f6g1y1viiaian2bvypb8djq39-git-2.51.2-doc"
            }
          ],
          "store_path": "/nix/store/k2vlwnvjcmnig77p65zipibvvim8rxq7-git-2.51.2"
        },
        "aarch64-linux": {
          "outputs": [
            {
              "name": "out",
              "path": "/nix/store/55j9qicj9fghz8yk3xsn2y9ab5mj4jdr-git-2.51.2",
              "default": true
            },
            {
              "name": "debug",
              "path": "/nix/store/vspa1pprrnj7xz3bhqayzih5mi7vhvvh-git-2.51.2-debug"
            },
            {
              "name": "doc",
              "path": "/nix/store/6zdv508cvrgfsnvvv5003ivsfcqngfvs-git-2.51.2-doc"
            }
          ],
          "store_path": "/nix/store/55j9qicj9fghz8yk3xsn2y9ab5mj4jdr-git-2.51.2"
        },
        "x86_64-darwin": {
          "outputs": [
            {
              "name": "out",
              "path": "/nix/store/sz4zzn7y6gal019wmqzxvcxc97wkgp9n-git-2.51.2",
              "default": true
            },
            {
              "name": "doc",
              "path": "/nix/store/np4lannd0w8jpagqw7mry4gklr903s2n-git-2.51.2-doc"
            }
          ],
          "store_path": "/nix/store/sz4zzn7y6gal019wmqzxvcxc97wkgp9n-git-2.51.2"
        },
        "x86_64-linux": {
          "outputs": [
            {
              "name": "out",
              "path": "/nix/store/q6jjgnyivwx7r4wynsi6g36k6srfy7mk-git-2.51.2",
              "default": true
            },
            {
              "name": "debug",
              "path": "/nix/store/f6zjr2bcd31qpvj4d4qsvqhfnnyc1kaz-git-2.51.2-debug"
            },
            {
              "name": "doc",
              "path": "/nix/store/9bir646idszbrn3j3wz98xq4m0kvzgrp-git-2.51.2-doc"
            }
          ],
          "store_path": "/nix/store/q6jjgnyivwx7r4wynsi6g36k6srfy7mk-git-2.51.2"
        }
      }
    },
    "github:NixOS/nixpkgs/nixpkgs-unstable": {
      "last_modified": "2025-11-18T11:19:29Z",
      "resolved": "github:NixOS/nixpkgs/6f374686605df381de8541c072038472a5ea2e2d?lastModified=1763464769&narHash=sha256-AJHrsT7VoeQzErpBRlLJM1SODcaayp0joAoEA35yiwM%3D"
    },
    "glibcLocales@latest": {
      "last_modified": "2025-11-15T07:28:48Z",
      "resolved": "github:NixOS/nixpkgs/1d4c88323ac36805d09657d13a5273aea1b34f0c#glibcLocales",
      "source": "devbox-search",
      "version": "2.40-66",
      "systems": {
        "aarch64-linux": {
          "outputs": [
            {
              "name": "out",
              "path": "/nix/store/6xp6wngm0g3m8w6jwrnclpa16mxxy6sh-glibc-locales-2.40-66",
              "default": true
            }
          ],
          "store_path": "/nix/store/6xp6wngm0g3m8w6jwrnclpa16mxxy6sh-glibc-locales-2.40-66"
        },
        "x86_64-linux": {
          "outputs": [
            {
              "name": "out",
              "path": "/nix/store/0447paawyvfx897vzbcz9jv6jzxnjfrq-glibc-locales-2.40-66",
              "default": true
            }
          ],
          "store_path": "/nix/store/0447paawyvfx897vzbcz9jv6jzxnjfrq-glibc-locales-2.40-66"
        }
      }
    },
    "jdk": {
      "resolved": "github:NixOS/nixpkgs/6f374686605df381de8541c072038472a5ea2e2d?narHash=sha256-AJHrsT7VoeQzErpBRlLJM1SODcaayp0joAoEA35yiwM%3D#jdk",
      "source": "nixpkg",
      "systems": {
        "x86_64-linux": {
          "outputs": [
            {
              "path": "/nix/store/5k4q53vaadncz52cw2nkls3p4kwvkqnp-openjdk-21.0.9+10",
              "default": true
            }
          ]
        }
      }
    },
    "jdk": {
      "resolved": "github:NixOS/nixpkgs/f6b44b2401525650256b977063dbcf830f762369?narHash=sha256-Pr2jpryIaQr9Yx8p6QssS03wqB6UifnnLr3HJw9veDw%3D#jdk",
      "source": "nixpkg"
    },
    "jq": {
      "resolved": "github:NixOS/nixpkgs/cb82756ecc37fa623f8cf3e88854f9bf7f64af93?narHash=sha256-0JDOal5P7xzzAibvD0yTE3ptyvoVOAL0rcELmDdtSKg%3D#jq",
      "source": "nixpkg",
      "systems": {
        "x86_64-linux": {
          "outputs": [
            {
              "name": "bin",
              "path": "/nix/store/6y8c4kikq5nka2qnza009j03bvkx2l5l-jq-1.8.1-bin",
              "default": true
            },
            {
              "name": "man",
              "path": "/nix/store/gkl03xki3msw3dylzji7gkiwnxmk3pdp-jq-1.8.1-man",
              "default": true
            }
          ]
        }
      }
    },
    "just": {
      "resolved": "github:NixOS/nixpkgs/cb82756ecc37fa623f8cf3e88854f9bf7f64af93?narHash=sha256-0JDOal5P7xzzAibvD0yTE3ptyvoVOAL0rcELmDdtSKg%3D#just",
      "source": "nixpkg",
      "systems": {
        "x86_64-linux": {
          "outputs": [
            {
              "path": "/nix/store/g8lpgqmha8v0vqypvrm5y2w09ydwdcwp-just-1.43.0",
              "default": true
            },
            {
              "name": "man",
              "path": "/nix/store/zj6zgaqa4jr27g13z92dfbm927mgigys-just-1.43.0-man",
              "default": true
            }
          ]
        }
      }
    },
    "postgresql@15": {
      "last_modified": "2024-08-13T00:39:45Z",
      "plugin_version": "0.0.2",
      "resolved": "github:NixOS/nixpkgs/60dfaff009e440faefbaeb20d8dda3239ba4a439#postgresql",
      "source": "devbox-search",
      "version": "15.7",
      "systems": {
        "aarch64-darwin": {
          "outputs": [
            {
              "name": "out",
              "path": "/nix/store/j063gkab0kj312p0r5wlwh8hhs3ivmmv-postgresql-15.7",
              "default": true
            },
            {
              "name": "man",
              "path": "/nix/store/83zyb6qnvn85ilfb4g03yr8zjnc4kw5c-postgresql-15.7-man",
              "default": true
            },
            {
              "name": "doc",
              "path": "/nix/store/w98l40gkbw15cxjajs9wr9aaz1zqq8pv-postgresql-15.7-doc"
            },
            {
              "name": "lib",
              "path": "/nix/store/2lqmjj3nwingqsajwgwym4jjl1plqrxd-postgresql-15.7-lib"
            }
          ],
          "store_path": "/nix/store/j063gkab0kj312p0r5wlwh8hhs3ivmmv-postgresql-15.7"
        },
        "aarch64-linux": {
          "outputs": [
            {
              "name": "out",
              "path": "/nix/store/bm08f8k2gyndfq1mszvdm07jnmwr6nlf-postgresql-15.7",
              "default": true
            },
            {
              "name": "man",
              "path": "/nix/store/yd6qvs38zm55271230hfn4j0rd4029ca-postgresql-15.7-man",
              "default": true
            },
            {
              "name": "debug",
              "path": "/nix/store/m8kdahlx418v1x8pvbjja5zbl8ix4hff-postgresql-15.7-debug"
            },
            {
              "name": "doc",
              "path": "/nix/store/nw2ng4sh1vzih1rrfzlivd2c7ifh9zm2-postgresql-15.7-doc"
            },
            {
              "name": "lib",
              "path": "/nix/store/fvs07mhcygpwy41jhw34kq7ghlcnv4nf-postgresql-15.7-lib"
            }
          ],
          "store_path": "/nix/store/bm08f8k2gyndfq1mszvdm07jnmwr6nlf-postgresql-15.7"
        },
        "x86_64-darwin": {
          "outputs": [
            {
              "name": "out",
              "path": "/nix/store/q4h9xjc0804xkcb0l7kxmp8rbqadlpg9-postgresql-15.7",
              "default": true
            },
            {
              "name": "man",
              "path": "/nix/store/22xrk7r5c4bh12wnmh4xssd1xk06b96l-postgresql-15.7-man",
              "default": true
            },
            {
              "name": "doc",
              "path": "/nix/store/4ynkh5cclgi0jcg42868z764irl32dx3-postgresql-15.7-doc"
            },
            {
              "name": "lib",
              "path": "/nix/store/4bqzgkyvzc7c7i955raibmaqabffsi4y-postgresql-15.7-lib"
            }
          ],
          "store_path": "/nix/store/q4h9xjc0804xkcb0l7kxmp8rbqadlpg9-postgresql-15.7"
        },
        "x86_64-linux": {
          "outputs": [
            {
              "name": "out",
              "path": "/nix/store/8gr5ybhmdkafii5idcg57p66nk1qd6sf-postgresql-15.7",
              "default": true
            },
            {
              "name": "man",
              "path": "/nix/store/0j6lskwq3imd8gdwy5rz9sjmn3c41qbc-postgresql-15.7-man",
              "default": true
            },
            {
              "name": "debug",
              "path": "/nix/store/xw1fhj72fzrlkvapaf1spx19ixqm7394-postgresql-15.7-debug"
            },
            {
              "name": "doc",
              "path": "/nix/store/01snq9n6ka7zkb4dp7k639mbb5p0v5qi-postgresql-15.7-doc"
            },
            {
              "name": "lib",
              "path": "/nix/store/9xj29q1wf5wazv63hn5dxlwsp8k3h5lc-postgresql-15.7-lib"
            }
          ],
          "store_path": "/nix/store/8gr5ybhmdkafii5idcg57p66nk1qd6sf-postgresql-15.7"
        }
      }
    },
    "ripgrep": {
      "resolved": "github:NixOS/nixpkgs/cb82756ecc37fa623f8cf3e88854f9bf7f64af93?narHash=sha256-0JDOal5P7xzzAibvD0yTE3ptyvoVOAL0rcELmDdtSKg%3D#ripgrep",
      "source": "nixpkg",
      "systems": {
        "x86_64-linux": {
          "outputs": [
            {
              "path": "/nix/store/4zd8kh787kmisr097anliq6dz0hhbjxf-ripgrep-15.0.0",
              "default": true
            }
          ]
        }
      }
    },
    "shellcheck": {
      "resolved": "github:NixOS/nixpkgs/cb82756ecc37fa623f8cf3e88854f9bf7f64af93?narHash=sha256-0JDOal5P7xzzAibvD0yTE3ptyvoVOAL0rcELmDdtSKg%3D#shellcheck",
      "source": "nixpkg",
      "systems": {
        "x86_64-linux": {
          "outputs": [
            {
              "name": "doc",
              "path": "/nix/store/rwnyiaincy1sja6chmy0dc89k9vm1mfz-shellcheck-0.11.0-doc",
              "default": true
            },
            {
              "name": "bin",
              "path": "/nix/store/vi57yivr3bgqg4b72il2yqv2x7x4qn7v-shellcheck-0.11.0-bin",
              "default": true
            },
            {
              "name": "man",
              "path": "/nix/store/riv61d1wih6psl4qj9a73nj54bgjy7pl-shellcheck-0.11.0-man",
              "default": true
            }
          ]
        }
      }
    },
    "uv": {
      "resolved": "github:NixOS/nixpkgs/cb82756ecc37fa623f8cf3e88854f9bf7f64af93?narHash=sha256-0JDOal5P7xzzAibvD0yTE3ptyvoVOAL0rcELmDdtSKg%3D#uv",
      "source": "nixpkg",
      "systems": {
        "x86_64-linux": {
          "outputs": [
            {
              "path": "/nix/store/jiwzxayklgiacpgj0fivzk7abp7gm6bm-uv-0.8.19",
              "default": true
            }
          ]
        }
      }
    }
  }
}
